
Microsoft Visual Studio Solution File, Format Version 12.00
# Visual Studio Version 17
VisualStudioVersion = 17.7.34031.279
MinimumVisualStudioVersion = 10.0.40219.1
Project("{FAE04EC0-301F-11D3-BF4B-00C04F79EFBC}") = "VOL_MS", "VOL_MS\VOL_MS.csproj", "{116B231E-2953-4028-BC71-3326EFBF2A3B}"
EndProject
Global
	GlobalSection(SolutionConfigurationPlatforms) = preSolution
		Debug|Any CPU = Debug|Any CPU
		Release|Any CPU = Release|Any CPU
	EndGlobalSection
	GlobalSection(ProjectConfigurationPlatforms) = postSolution
		{116B231E-2953-4028-BC71-3326EFBF2A3B}.Debug|Any CPU.ActiveCfg = Debug|Any CPU
		{116B231E-2953-4028-BC71-3326EFBF2A3B}.Debug|Any CPU.Build.0 = Debug|Any CPU
		{116B231E-2953-4028-BC71-3326EFBF2A3B}.Release|Any CPU.ActiveCfg = Release|Any CPU
		{116B231E-2953-4028-BC71-3326EFBF2A3B}.Release|Any CPU.Build.0 = Release|Any CPU
	EndGlobalSection
	GlobalSection(SolutionProperties) = preSolution
		HideSolutionNode = FALSE
	EndGlobalSection
	GlobalSection(ExtensibilityGlobals) = postSolution
		SolutionGuid = {D4E0DCAF-0F4B-4881-B2F4-42350B1FFCE9}
	EndGlobalSection
EndGlobal
